
Microsoft Visual Studio Solution File, Format Version 12.00
# Visual Studio Version 17
VisualStudioVersion = 17.7.34031.279
MinimumVisualStudioVersion = 10.0.40219.1
Project("{FAE04EC0-301F-11D3-BF4B-00C04F79EFBC}") = "taskasp05.05", "taskasp05.05\taskasp05.05.csproj", "{2D25B56C-D6F9-43D7-B15A-AC01B87F7877}"
EndProject
Global
	GlobalSection(SolutionConfigurationPlatforms) = preSolution
		Debug|Any CPU = Debug|Any CPU
		Release|Any CPU = Release|Any CPU
	EndGlobalSection
	GlobalSection(ProjectConfigurationPlatforms) = postSolution
		{2D25B56C-D6F9-43D7-B15A-AC01B87F7877}.Debug|Any CPU.ActiveCfg = Debug|Any CPU
		{2D25B56C-D6F9-43D7-B15A-AC01B87F7877}.Debug|Any CPU.Build.0 = Debug|Any CPU
		{2D25B56C-D6F9-43D7-B15A-AC01B87F7877}.Release|Any CPU.ActiveCfg = Release|Any CPU
		{2D25B56C-D6F9-43D7-B15A-AC01B87F7877}.Release|Any CPU.Build.0 = Release|Any CPU
	EndGlobalSection
	GlobalSection(SolutionProperties) = preSolution
		HideSolutionNode = FALSE
	EndGlobalSection
	GlobalSection(ExtensibilityGlobals) = postSolution
		SolutionGuid = {883B61C0-1732-4BB8-AE12-1A5A698EC826}
	EndGlobalSection
EndGlobal
